
Microsoft Visual Studio Solution File, Format Version 12.00
# Visual Studio Version 16
VisualStudioVersion = 16.0.30711.63
MinimumVisualStudioVersion = 10.0.40219.1
Project("{FAE04EC0-301F-11D3-BF4B-00C04F79EFBC}") = "Lesson5", "Lesson5.csproj", "{FBECFF19-F5A2-45FC-B650-EF13D1CBE2E2}"
EndProject
Global
	GlobalSection(SolutionConfigurationPlatforms) = preSolution
		Debug|Any CPU = Debug|Any CPU
		Release|Any CPU = Release|Any CPU
	EndGlobalSection
	GlobalSection(ProjectConfigurationPlatforms) = postSolution
		{FBECFF19-F5A2-45FC-B650-EF13D1CBE2E2}.Debug|Any CPU.ActiveCfg = Debug|Any CPU
		{FBECFF19-F5A2-45FC-B650-EF13D1CBE2E2}.Debug|Any CPU.Build.0 = Debug|Any CPU
		{FBECFF19-F5A2-45FC-B650-EF13D1CBE2E2}.Release|Any CPU.ActiveCfg = Release|Any CPU
		{FBECFF19-F5A2-45FC-B650-EF13D1CBE2E2}.Release|Any CPU.Build.0 = Release|Any CPU
	EndGlobalSection
	GlobalSection(SolutionProperties) = preSolution
		HideSolutionNode = FALSE
	EndGlobalSection
	GlobalSection(ExtensibilityGlobals) = postSolution
		SolutionGuid = {626D312F-8954-4603-ADC0-4E0D5CBBEA24}
	EndGlobalSection
EndGlobal
